
Microsoft Visual Studio Solution File, Format Version 12.00
# Visual Studio Version 16
VisualStudioVersion = 16.0.32106.194
MinimumVisualStudioVersion = 10.0.40219.1
Project("{FAE04EC0-301F-11D3-BF4B-00C04F79EFBC}") = "HackedWindows", "HackedWindows\HackedWindows.csproj", "{6771D5F8-B739-413D-944F-85945AD0571C}"
EndProject
Global
	GlobalSection(SolutionConfigurationPlatforms) = preSolution
		Debug|Any CPU = Debug|Any CPU
		Release|Any CPU = Release|Any CPU
	EndGlobalSection
	GlobalSection(ProjectConfigurationPlatforms) = postSolution
		{6771D5F8-B739-413D-944F-85945AD0571C}.Debug|Any CPU.ActiveCfg = Debug|Any CPU
		{6771D5F8-B739-413D-944F-85945AD0571C}.Debug|Any CPU.Build.0 = Debug|Any CPU
		{6771D5F8-B739-413D-944F-85945AD0571C}.Release|Any CPU.ActiveCfg = Release|Any CPU
		{6771D5F8-B739-413D-944F-85945AD0571C}.Release|Any CPU.Build.0 = Release|Any CPU
	EndGlobalSection
	GlobalSection(SolutionProperties) = preSolution
		HideSolutionNode = FALSE
	EndGlobalSection
	GlobalSection(ExtensibilityGlobals) = postSolution
		SolutionGuid = {79115CB7-E4C5-48C9-AC24-BD0819E0EF28}
	EndGlobalSection
EndGlobal
